{
  "name": "aicc-second",
  "lockfileVersion": 3,
  "requires": true,
  "packages": {
    "": {
      "dependencies": {
        "@tanstack/react-query": "^5.74.9"
      }
    },
    "node_modules/@tanstack/query-core": {
      "version": "5.74.9",
      "resolved": "https://registry.npmjs.org/@tanstack/query-core/-/query-core-5.74.9.tgz",
      "integrity": "sha512-qmjXpWyigDw4SfqdSBy24FzRvpBPXlaSbl92N77lcrL+yvVQLQkf0T6bQNbTxl9IEB/SvVFhhVZoIlQvFnNuuw==",
      "license": "MIT",
      "funding": {
        "type": "github",
        "url": "https://github.com/sponsors/tannerlinsley"
      }
    },
    "node_modules/@tanstack/react-query": {
      "version": "5.74.9",
      "resolved": "https://registry.npmjs.org/@tanstack/react-query/-/react-query-5.74.9.tgz",
      "integrity": "sha512-F8xCXDQRDgsPzLzX9+d6ycNoITAIU2bycc1idZd06bt/GjN1quEJDjHvEDWZGoVn0A/ZmntVrYv6TE0kR7c7LA==",
      "license": "MIT",
      "dependencies": {
        "@tanstack/query-core": "5.74.9"
      },
      "funding": {
        "type": "github",
        "url": "https://github.com/sponsors/tannerlinsley"
      },
      "peerDependencies": {
        "react": "^18 || ^19"
      }
    },
    "node_modules/react": {
      "version": "19.1.0",
      "resolved": "https://registry.npmjs.org/react/-/react-19.1.0.tgz",
      "integrity": "sha512-FS+XFBNvn3GTAWq26joslQgWNoFu08F4kl0J4CgdNKADkdSGXQyTCnKteIAJy96Br6YbpEU1LSzV5dYtjMkMDg==",
      "license": "MIT",
      "peer": true,
      "engines": {
        "node": ">=0.10.0"
      }
    }
  }
}
